
Microsoft Visual Studio Solution File, Format Version 12.00
# Visual Studio 15
VisualStudioVersion = 15.0.27130.2036
MinimumVisualStudioVersion = 10.0.40219.1
Project("{FAE04EC0-301F-11D3-BF4B-00C04F79EFBC}") = "webpruebas", "webpruebas\webpruebas.csproj", "{D8BBFD63-3D17-4754-8720-27B93D1AB7B1}"
EndProject
Project("{FAE04EC0-301F-11D3-BF4B-00C04F79EFBC}") = "Negocio", "Negocio\Negocio.csproj", "{28667C9F-681D-4FC7-84E3-8AC587CAA06D}"
EndProject
Project("{FAE04EC0-301F-11D3-BF4B-00C04F79EFBC}") = "DALC", "DALC\DALC.csproj", "{DE04786A-5207-4564-AF75-BFA95C0707E9}"
EndProject
Global
	GlobalSection(SolutionConfigurationPlatforms) = preSolution
		Debug|Any CPU = Debug|Any CPU
		Release|Any CPU = Release|Any CPU
	EndGlobalSection
	GlobalSection(ProjectConfigurationPlatforms) = postSolution
		{D8BBFD63-3D17-4754-8720-27B93D1AB7B1}.Debug|Any CPU.ActiveCfg = Debug|Any CPU
		{D8BBFD63-3D17-4754-8720-27B93D1AB7B1}.Debug|Any CPU.Build.0 = Debug|Any CPU
		{D8BBFD63-3D17-4754-8720-27B93D1AB7B1}.Release|Any CPU.ActiveCfg = Release|Any CPU
		{D8BBFD63-3D17-4754-8720-27B93D1AB7B1}.Release|Any CPU.Build.0 = Release|Any CPU
		{28667C9F-681D-4FC7-84E3-8AC587CAA06D}.Debug|Any CPU.ActiveCfg = Debug|Any CPU
		{28667C9F-681D-4FC7-84E3-8AC587CAA06D}.Debug|Any CPU.Build.0 = Debug|Any CPU
		{28667C9F-681D-4FC7-84E3-8AC587CAA06D}.Release|Any CPU.ActiveCfg = Release|Any CPU
		{28667C9F-681D-4FC7-84E3-8AC587CAA06D}.Release|Any CPU.Build.0 = Release|Any CPU
		{DE04786A-5207-4564-AF75-BFA95C0707E9}.Debug|Any CPU.ActiveCfg = Debug|Any CPU
		{DE04786A-5207-4564-AF75-BFA95C0707E9}.Debug|Any CPU.Build.0 = Debug|Any CPU
		{DE04786A-5207-4564-AF75-BFA95C0707E9}.Release|Any CPU.ActiveCfg = Release|Any CPU
		{DE04786A-5207-4564-AF75-BFA95C0707E9}.Release|Any CPU.Build.0 = Release|Any CPU
	EndGlobalSection
	GlobalSection(SolutionProperties) = preSolution
		HideSolutionNode = FALSE
	EndGlobalSection
	GlobalSection(ExtensibilityGlobals) = postSolution
		SolutionGuid = {B571ADC9-51BF-42D8-9196-817DFA286B65}
	EndGlobalSection
EndGlobal
